
Microsoft Visual Studio Solution File, Format Version 12.00
# Visual Studio Version 17
VisualStudioVersion = 17.14.37216.2
MinimumVisualStudioVersion = 10.0.40219.1
Project("{FAE04EC0-301F-11D3-BF4B-00C04F79EFBC}") = "FBBST", "FBBST.csproj", "{B87567D5-1651-4C36-95F8-6EB84E592FA7}"
EndProject
Project("{FAE04EC0-301F-11D3-BF4B-00C04F79EFBC}") = "UnitTest", "..\UnitTest\UnitTest.csproj", "{D1F38A97-31FF-4178-83CF-FD3E10165506}"
EndProject
Global
	GlobalSection(SolutionConfigurationPlatforms) = preSolution
		Debug|Any CPU = Debug|Any CPU
		Release|Any CPU = Release|Any CPU
	EndGlobalSection
	GlobalSection(ProjectConfigurationPlatforms) = postSolution
		{B87567D5-1651-4C36-95F8-6EB84E592FA7}.Debug|Any CPU.ActiveCfg = Debug|Any CPU
		{B87567D5-1651-4C36-95F8-6EB84E592FA7}.Debug|Any CPU.Build.0 = Debug|Any CPU
		{B87567D5-1651-4C36-95F8-6EB84E592FA7}.Release|Any CPU.ActiveCfg = Release|Any CPU
		{B87567D5-1651-4C36-95F8-6EB84E592FA7}.Release|Any CPU.Build.0 = Release|Any CPU
		{D1F38A97-31FF-4178-83CF-FD3E10165506}.Debug|Any CPU.ActiveCfg = Debug|Any CPU
		{D1F38A97-31FF-4178-83CF-FD3E10165506}.Debug|Any CPU.Build.0 = Debug|Any CPU
		{D1F38A97-31FF-4178-83CF-FD3E10165506}.Release|Any CPU.ActiveCfg = Release|Any CPU
		{D1F38A97-31FF-4178-83CF-FD3E10165506}.Release|Any CPU.Build.0 = Release|Any CPU
	EndGlobalSection
	GlobalSection(SolutionProperties) = preSolution
		HideSolutionNode = FALSE
	EndGlobalSection
	GlobalSection(ExtensibilityGlobals) = postSolution
		SolutionGuid = {6437261C-B39A-4CA6-B8EC-1887C4804EF6}
	EndGlobalSection
EndGlobal
